
Microsoft Visual Studio Solution File, Format Version 12.00
# Visual Studio 15
VisualStudioVersion = 15.0.28307.1340
MinimumVisualStudioVersion = 10.0.40219.1
Project("{2150E333-8FDC-42A3-9474-1A3956D46DE8}") = "Services", "Services", "{DEDAFDB4-908C-4CBD-9357-22C1609D2C30}"
EndProject
Project("{2150E333-8FDC-42A3-9474-1A3956D46DE8}") = "Vendas", "Vendas", "{7401C8D9-AF0D-48DB-9FD0-7D0B222D2D4C}"
EndProject
Project("{2150E333-8FDC-42A3-9474-1A3956D46DE8}") = "Catalogo", "Catalogo", "{385704E9-DB6E-47E4-9D23-422AF3CC4961}"
EndProject
Project("{2150E333-8FDC-42A3-9474-1A3956D46DE8}") = "Core", "Core", "{59E9E31C-FD85-4664-BD60-B624156E2218}"
EndProject
Project("{2150E333-8FDC-42A3-9474-1A3956D46DE8}") = "Tests", "Tests", "{99737A97-EC7A-42C8-A7D8-86EE18712CCD}"
EndProject
Project("{9A19103F-16F7-4668-BE54-9A1E7A4F7556}") = "TechStore.Catalogo.Application", "src\TechStore.Catalogo.Application\TechStore.Catalogo.Application.csproj", "{CF74B86B-1AB0-400D-93F6-EF3A560BCBED}"
EndProject
Project("{9A19103F-16F7-4668-BE54-9A1E7A4F7556}") = "TechStore.Catalogo.Data", "src\TechStore.Catalogo.Data\TechStore.Catalogo.Data.csproj", "{E71F9788-16BE-4710-A5CE-366B887A889E}"
EndProject
Project("{9A19103F-16F7-4668-BE54-9A1E7A4F7556}") = "TechStore.Catalogo.Domain", "src\TechStore.Catalogo.Domain\TechStore.Catalogo.Domain.csproj", "{33FA1EE8-DEBF-4AEA-9B89-DCAF4A8F8EBC}"
EndProject
Project("{9A19103F-16F7-4668-BE54-9A1E7A4F7556}") = "TechStore.Vendas.Application", "src\TechStore.Vendas.Application\TechStore.Vendas.Application.csproj", "{CFD1534D-D51C-493B-8321-78DBC4F291BE}"
EndProject
Project("{9A19103F-16F7-4668-BE54-9A1E7A4F7556}") = "TechStore.Vendas.Data", "src\TechStore.Vendas.Data\TechStore.Vendas.Data.csproj", "{FFECDEE5-7BEB-42CC-8E31-52EEF4547F08}"
EndProject
Project("{9A19103F-16F7-4668-BE54-9A1E7A4F7556}") = "TechStore.Venda.Domain", "src\TechStore.Venda.Domain\TechStore.Venda.Domain.csproj", "{49EBFF39-074C-488F-A1EE-EA8629F775A2}"
EndProject
Project("{9A19103F-16F7-4668-BE54-9A1E7A4F7556}") = "TechStore.Core", "src\TechStore.Core\TechStore.Core.csproj", "{482A1C6C-2718-48CB-9F0C-C9F4CC24E5E0}"
EndProject
Project("{2150E333-8FDC-42A3-9474-1A3956D46DE8}") = "WebApps", "WebApps", "{F0F8A44B-5A8B-4F8B-A6D9-B354785F72CE}"
EndProject
Project("{9A19103F-16F7-4668-BE54-9A1E7A4F7556}") = "TechStore.WebApp", "src\TechStore.WebApp\TechStore.WebApp.csproj", "{47B9917B-F9E3-4390-8437-D6F0222ABF33}"
EndProject
Project("{FAE04EC0-301F-11D3-BF4B-00C04F79EFBC}") = "TechStore.Catalogo.Domain.Tests", "tests\TechStore.Catalogo.Domain.Tests\TechStore.Catalogo.Domain.Tests.csproj", "{94F62B73-79D9-4D93-BE65-6AD0D6EBFB94}"
EndProject
Global
	GlobalSection(SolutionConfigurationPlatforms) = preSolution
		Debug|Any CPU = Debug|Any CPU
		Release|Any CPU = Release|Any CPU
	EndGlobalSection
	GlobalSection(ProjectConfigurationPlatforms) = postSolution
		{CF74B86B-1AB0-400D-93F6-EF3A560BCBED}.Debug|Any CPU.ActiveCfg = Debug|Any CPU
		{CF74B86B-1AB0-400D-93F6-EF3A560BCBED}.Debug|Any CPU.Build.0 = Debug|Any CPU
		{CF74B86B-1AB0-400D-93F6-EF3A560BCBED}.Release|Any CPU.ActiveCfg = Release|Any CPU
		{CF74B86B-1AB0-400D-93F6-EF3A560BCBED}.Release|Any CPU.Build.0 = Release|Any CPU
		{E71F9788-16BE-4710-A5CE-366B887A889E}.Debug|Any CPU.ActiveCfg = Debug|Any CPU
		{E71F9788-16BE-4710-A5CE-366B887A889E}.Debug|Any CPU.Build.0 = Debug|Any CPU
		{E71F9788-16BE-4710-A5CE-366B887A889E}.Release|Any CPU.ActiveCfg = Release|Any CPU
		{E71F9788-16BE-4710-A5CE-366B887A889E}.Release|Any CPU.Build.0 = Release|Any CPU
		{33FA1EE8-DEBF-4AEA-9B89-DCAF4A8F8EBC}.Debug|Any CPU.ActiveCfg = Debug|Any CPU
		{33FA1EE8-DEBF-4AEA-9B89-DCAF4A8F8EBC}.Debug|Any CPU.Build.0 = Debug|Any CPU
		{33FA1EE8-DEBF-4AEA-9B89-DCAF4A8F8EBC}.Release|Any CPU.ActiveCfg = Release|Any CPU
		{33FA1EE8-DEBF-4AEA-9B89-DCAF4A8F8EBC}.Release|Any CPU.Build.0 = Release|Any CPU
		{CFD1534D-D51C-493B-8321-78DBC4F291BE}.Debug|Any CPU.ActiveCfg = Debug|Any CPU
		{CFD1534D-D51C-493B-8321-78DBC4F291BE}.Debug|Any CPU.Build.0 = Debug|Any CPU
		{CFD1534D-D51C-493B-8321-78DBC4F291BE}.Release|Any CPU.ActiveCfg = Release|Any CPU
		{CFD1534D-D51C-493B-8321-78DBC4F291BE}.Release|Any CPU.Build.0 = Release|Any CPU
		{FFECDEE5-7BEB-42CC-8E31-52EEF4547F08}.Debug|Any CPU.ActiveCfg = Debug|Any CPU
		{FFECDEE5-7BEB-42CC-8E31-52EEF4547F08}.Debug|Any CPU.Build.0 = Debug|Any CPU
		{FFECDEE5-7BEB-42CC-8E31-52EEF4547F08}.Release|Any CPU.ActiveCfg = Release|Any CPU
		{FFECDEE5-7BEB-42CC-8E31-52EEF4547F08}.Release|Any CPU.Build.0 = Release|Any CPU
		{49EBFF39-074C-488F-A1EE-EA8629F775A2}.Debug|Any CPU.ActiveCfg = Debug|Any CPU
		{49EBFF39-074C-488F-A1EE-EA8629F775A2}.Debug|Any CPU.Build.0 = Debug|Any CPU
		{49EBFF39-074C-488F-A1EE-EA8629F775A2}.Release|Any CPU.ActiveCfg = Release|Any CPU
		{49EBFF39-074C-488F-A1EE-EA8629F775A2}.Release|Any CPU.Build.0 = Release|Any CPU
		{482A1C6C-2718-48CB-9F0C-C9F4CC24E5E0}.Debug|Any CPU.ActiveCfg = Debug|Any CPU
		{482A1C6C-2718-48CB-9F0C-C9F4CC24E5E0}.Debug|Any CPU.Build.0 = Debug|Any CPU
		{482A1C6C-2718-48CB-9F0C-C9F4CC24E5E0}.Release|Any CPU.ActiveCfg = Release|Any CPU
		{482A1C6C-2718-48CB-9F0C-C9F4CC24E5E0}.Release|Any CPU.Build.0 = Release|Any CPU
		{47B9917B-F9E3-4390-8437-D6F0222ABF33}.Debug|Any CPU.ActiveCfg = Debug|Any CPU
		{47B9917B-F9E3-4390-8437-D6F0222ABF33}.Debug|Any CPU.Build.0 = Debug|Any CPU
		{47B9917B-F9E3-4390-8437-D6F0222ABF33}.Release|Any CPU.ActiveCfg = Release|Any CPU
		{47B9917B-F9E3-4390-8437-D6F0222ABF33}.Release|Any CPU.Build.0 = Release|Any CPU
		{94F62B73-79D9-4D93-BE65-6AD0D6EBFB94}.Debug|Any CPU.ActiveCfg = Debug|Any CPU
		{94F62B73-79D9-4D93-BE65-6AD0D6EBFB94}.Debug|Any CPU.Build.0 = Debug|Any CPU
		{94F62B73-79D9-4D93-BE65-6AD0D6EBFB94}.Release|Any CPU.ActiveCfg = Release|Any CPU
		{94F62B73-79D9-4D93-BE65-6AD0D6EBFB94}.Release|Any CPU.Build.0 = Release|Any CPU
	EndGlobalSection
	GlobalSection(SolutionProperties) = preSolution
		HideSolutionNode = FALSE
	EndGlobalSection
	GlobalSection(NestedProjects) = preSolution
		{7401C8D9-AF0D-48DB-9FD0-7D0B222D2D4C} = {DEDAFDB4-908C-4CBD-9357-22C1609D2C30}
		{385704E9-DB6E-47E4-9D23-422AF3CC4961} = {DEDAFDB4-908C-4CBD-9357-22C1609D2C30}
		{59E9E31C-FD85-4664-BD60-B624156E2218} = {DEDAFDB4-908C-4CBD-9357-22C1609D2C30}
		{99737A97-EC7A-42C8-A7D8-86EE18712CCD} = {385704E9-DB6E-47E4-9D23-422AF3CC4961}
		{CF74B86B-1AB0-400D-93F6-EF3A560BCBED} = {385704E9-DB6E-47E4-9D23-422AF3CC4961}
		{E71F9788-16BE-4710-A5CE-366B887A889E} = {385704E9-DB6E-47E4-9D23-422AF3CC4961}
		{33FA1EE8-DEBF-4AEA-9B89-DCAF4A8F8EBC} = {385704E9-DB6E-47E4-9D23-422AF3CC4961}
		{CFD1534D-D51C-493B-8321-78DBC4F291BE} = {7401C8D9-AF0D-48DB-9FD0-7D0B222D2D4C}
		{FFECDEE5-7BEB-42CC-8E31-52EEF4547F08} = {7401C8D9-AF0D-48DB-9FD0-7D0B222D2D4C}
		{49EBFF39-074C-488F-A1EE-EA8629F775A2} = {7401C8D9-AF0D-48DB-9FD0-7D0B222D2D4C}
		{482A1C6C-2718-48CB-9F0C-C9F4CC24E5E0} = {59E9E31C-FD85-4664-BD60-B624156E2218}
		{47B9917B-F9E3-4390-8437-D6F0222ABF33} = {F0F8A44B-5A8B-4F8B-A6D9-B354785F72CE}
		{94F62B73-79D9-4D93-BE65-6AD0D6EBFB94} = {99737A97-EC7A-42C8-A7D8-86EE18712CCD}
	EndGlobalSection
	GlobalSection(ExtensibilityGlobals) = postSolution
		SolutionGuid = {D517FE3E-8552-44ED-A965-E743CDE1DF84}
	EndGlobalSection
EndGlobal
